{
  "requires": true,
  "lockfileVersion": 1,
  "dependencies": {
    "multiscroll.js": {
      "version": "0.2.3",
      "resolved": "https://registry.npmjs.org/multiscroll.js/-/multiscroll.js-0.2.3.tgz",
      "integrity": "sha512-BCVm7MaISEqzBd/RFu2jTRPFYk1eRx5sCmxT2KFC+Qe522iqUNB/6b5qm7ZvIx0sMtcS0oeI6IXS22EkUQaHew=="
    }
  }
}
